
Microsoft Visual Studio Solution File, Format Version 12.00
# Visual Studio 15
VisualStudioVersion = 15.0.27703.2047
MinimumVisualStudioVersion = 10.0.40219.1
Project("{FAE04EC0-301F-11D3-BF4B-00C04F79EFBC}") = "Assignment2", "Assignment2\Assignment2.csproj", "{292DC02A-6259-4E7E-B23C-8EBB17DC062E}"
EndProject
Global
	GlobalSection(SolutionConfigurationPlatforms) = preSolution
		Debug|Any CPU = Debug|Any CPU
		Release|Any CPU = Release|Any CPU
	EndGlobalSection
	GlobalSection(ProjectConfigurationPlatforms) = postSolution
		{292DC02A-6259-4E7E-B23C-8EBB17DC062E}.Debug|Any CPU.ActiveCfg = Debug|Any CPU
		{292DC02A-6259-4E7E-B23C-8EBB17DC062E}.Debug|Any CPU.Build.0 = Debug|Any CPU
		{292DC02A-6259-4E7E-B23C-8EBB17DC062E}.Release|Any CPU.ActiveCfg = Release|Any CPU
		{292DC02A-6259-4E7E-B23C-8EBB17DC062E}.Release|Any CPU.Build.0 = Release|Any CPU
	EndGlobalSection
	GlobalSection(SolutionProperties) = preSolution
		HideSolutionNode = FALSE
	EndGlobalSection
	GlobalSection(ExtensibilityGlobals) = postSolution
		SolutionGuid = {E82953A2-0B11-46EA-9305-DD407B2ABD4C}
	EndGlobalSection
EndGlobal
